
Microsoft Visual Studio Solution File, Format Version 12.00
# Visual Studio 15
VisualStudioVersion = 15.0.26730.16
MinimumVisualStudioVersion = 10.0.40219.1
Project("{FAE04EC0-301F-11D3-BF4B-00C04F79EFBC}") = "Education", "Education\Education.csproj", "{DEFCC840-13BF-4435-8F4E-79088AC406C4}"
EndProject
Global
	GlobalSection(SolutionConfigurationPlatforms) = preSolution
		Debug|Any CPU = Debug|Any CPU
		Release|Any CPU = Release|Any CPU
	EndGlobalSection
	GlobalSection(ProjectConfigurationPlatforms) = postSolution
		{DEFCC840-13BF-4435-8F4E-79088AC406C4}.Debug|Any CPU.ActiveCfg = Debug|Any CPU
		{DEFCC840-13BF-4435-8F4E-79088AC406C4}.Debug|Any CPU.Build.0 = Debug|Any CPU
		{DEFCC840-13BF-4435-8F4E-79088AC406C4}.Release|Any CPU.ActiveCfg = Release|Any CPU
		{DEFCC840-13BF-4435-8F4E-79088AC406C4}.Release|Any CPU.Build.0 = Release|Any CPU
	EndGlobalSection
	GlobalSection(SolutionProperties) = preSolution
		HideSolutionNode = FALSE
	EndGlobalSection
	GlobalSection(ExtensibilityGlobals) = postSolution
		SolutionGuid = {8F8FE666-F7E6-42E8-A0AD-EFDA54BB622C}
	EndGlobalSection
EndGlobal
